// !$*UTF8*$!
{
	archiveVersion = 1;
	classes = {
	};
	objectVersion = 46;
	objects = {

/* Begin PBXBuildFile section */
		6A0200681F3DD49700FF6985 /* string_resource.plist in Resources */ = {isa = PBXBuildFile; fileRef = 6A02006A1F3DD49700FF6985 /* string_resource.plist */; };
		6A02006C1F3DD6A900FF6985 /* Localizator.swift in Sources */ = {isa = PBXBuildFile; fileRef = 6A02006B1F3DD6A900FF6985 /* Localizator.swift */; };
		6A0AE2D81F39E4A400FE2219 /* AppDelegate.swift in Sources */ = {isa = PBXBuildFile; fileRef = 6A0AE2D71F39E4A400FE2219 /* AppDelegate.swift */; };
		6A0AE2DA1F39E4A400FE2219 /* Assets.xcassets in Resources */ = {isa = PBXBuildFile; fileRef = 6A0AE2D91F39E4A400FE2219 /* Assets.xcassets */; };
		6A0AE2E81F39E57E00FE2219 /* CoreBrightness.framework in Frameworks */ = {isa = PBXBuildFile; fileRef = 6A0AE2E71F39E57E00FE2219 /* CoreBrightness.framework */; };
		6A43DF651F3B956000C57988 /* MainMenu.xib in Resources */ = {isa = PBXBuildFile; fileRef = 6A43DF631F3B956000C57988 /* MainMenu.xib */; };
		6A8981541F40AFCF001C0197 /* screenshot.png in Resources */ = {isa = PBXBuildFile; fileRef = 6A8981531F40AFCF001C0197 /* screenshot.png */; };
		6ADEC39B1F40A01600897F6B /* README.md in Sources */ = {isa = PBXBuildFile; fileRef = 6ADEC39A1F40A01600897F6B /* README.md */; };
		6AE5F71E1F4382C0002C391E /* Credits.html in Resources */ = {isa = PBXBuildFile; fileRef = 6AE5F71D1F4382C0002C391E /* Credits.html */; };
/* End PBXBuildFile section */

/* Begin PBXFileReference section */
		6A0200691F3DD49700FF6985 /* en */ = {isa = PBXFileReference; lastKnownFileType = text.plist.xml; name = en; path = en.lproj/string_resource.plist; sourceTree = "<group>"; };
		6A02006B1F3DD6A900FF6985 /* Localizator.swift */ = {isa = PBXFileReference; fileEncoding = 4; lastKnownFileType = sourcecode.swift; path = Localizator.swift; sourceTree = "<group>"; };
		6A0AE2D41F39E4A400FE2219 /* Night Shift Control.app */ = {isa = PBXFileReference; explicitFileType = wrapper.application; includeInIndex = 0; path = "Night Shift Control.app"; sourceTree = BUILT_PRODUCTS_DIR; };
		6A0AE2D71F39E4A400FE2219 /* AppDelegate.swift */ = {isa = PBXFileReference; lastKnownFileType = sourcecode.swift; path = AppDelegate.swift; sourceTree = "<group>"; wrapsLines = 0; };
		6A0AE2D91F39E4A400FE2219 /* Assets.xcassets */ = {isa = PBXFileReference; lastKnownFileType = folder.assetcatalog; path = Assets.xcassets; sourceTree = "<group>"; };
		6A0AE2DE1F39E4A400FE2219 /* Info.plist */ = {isa = PBXFileReference; lastKnownFileType = text.plist.xml; path = Info.plist; sourceTree = "<group>"; };
		6A0AE2E71F39E57E00FE2219 /* CoreBrightness.framework */ = {isa = PBXFileReference; lastKnownFileType = wrapper.framework; name = CoreBrightness.framework; path = ../../../../../../System/Library/PrivateFrameworks/CoreBrightness.framework; sourceTree = "<group>"; };
		6A0AE2E91F39E63600FE2219 /* Night Shift Control-Bridging-Header.h */ = {isa = PBXFileReference; lastKnownFileType = sourcecode.c.h; path = "Night Shift Control-Bridging-Header.h"; sourceTree = "<group>"; };
		6A0AE2EB1F39E63700FE2219 /* CBBlueLightClient.h */ = {isa = PBXFileReference; fileEncoding = 4; lastKnownFileType = sourcecode.c.h; path = CBBlueLightClient.h; sourceTree = "<group>"; };
		6A43DF641F3B956000C57988 /* Base */ = {isa = PBXFileReference; lastKnownFileType = file.xib; name = Base; path = Base.lproj/MainMenu.xib; sourceTree = "<group>"; };
		6A8981531F40AFCF001C0197 /* screenshot.png */ = {isa = PBXFileReference; lastKnownFileType = image.png; path = screenshot.png; sourceTree = "<group>"; };
		6ADEC39A1F40A01600897F6B /* README.md */ = {isa = PBXFileReference; fileEncoding = 4; lastKnownFileType = net.daringfireball.markdown; path = README.md; sourceTree = "<group>"; };
		6AE5F71D1F4382C0002C391E /* Credits.html */ = {isa = PBXFileReference; fileEncoding = 4; lastKnownFileType = text.html; path = Credits.html; sourceTree = "<group>"; };
/* End PBXFileReference section */

/* Begin PBXFrameworksBuildPhase section */
		6A0AE2D11F39E4A400FE2219 /* Frameworks */ = {
			isa = PBXFrameworksBuildPhase;
			buildActionMask = 2147483647;
			files = (
				6A0AE2E81F39E57E00FE2219 /* CoreBrightness.framework in Frameworks */,
			);
			runOnlyForDeploymentPostprocessing = 0;
		};
/* End PBXFrameworksBuildPhase section */

/* Begin PBXGroup section */
		6A0AE2CB1F39E4A400FE2219 = {
			isa = PBXGroup;
			children = (
				6ADEC39A1F40A01600897F6B /* README.md */,
				6A8981531F40AFCF001C0197 /* screenshot.png */,
				6A0AE2ED1F39E65300FE2219 /* Headers */,
				6A0AE2D61F39E4A400FE2219 /* Night Shift Control */,
				6A0AE2D51F39E4A400FE2219 /* Products */,
				6A0AE2E41F39E55F00FE2219 /* Frameworks */,
			);
			sourceTree = "<group>";
		};
		6A0AE2D51F39E4A400FE2219 /* Products */ = {
			isa = PBXGroup;
			children = (
				6A0AE2D41F39E4A400FE2219 /* Night Shift Control.app */,
			);
			name = Products;
			sourceTree = "<group>";
		};
		6A0AE2D61F39E4A400FE2219 /* Night Shift Control */ = {
			isa = PBXGroup;
			children = (
				6AE5F71D1F4382C0002C391E /* Credits.html */,
				6A0AE2D71F39E4A400FE2219 /* AppDelegate.swift */,
				6A02006A1F3DD49700FF6985 /* string_resource.plist */,
				6A43DF631F3B956000C57988 /* MainMenu.xib */,
				6A0AE2D91F39E4A400FE2219 /* Assets.xcassets */,
				6A0AE2DE1F39E4A400FE2219 /* Info.plist */,
				6A02006B1F3DD6A900FF6985 /* Localizator.swift */,
			);
			path = "Night Shift Control";
			sourceTree = "<group>";
		};
		6A0AE2E41F39E55F00FE2219 /* Frameworks */ = {
			isa = PBXGroup;
			children = (
				6A0AE2E71F39E57E00FE2219 /* CoreBrightness.framework */,
			);
			name = Frameworks;
			sourceTree = "<group>";
		};
		6A0AE2ED1F39E65300FE2219 /* Headers */ = {
			isa = PBXGroup;
			children = (
				6A0AE2EB1F39E63700FE2219 /* CBBlueLightClient.h */,
				6A0AE2E91F39E63600FE2219 /* Night Shift Control-Bridging-Header.h */,
			);
			name = Headers;
			sourceTree = "<group>";
		};
/* End PBXGroup section */

/* Begin PBXNativeTarget section */
		6A0AE2D31F39E4A400FE2219 /* Night Shift Control */ = {
			isa = PBXNativeTarget;
			buildConfigurationList = 6A0AE2E11F39E4A400FE2219 /* Build configuration list for PBXNativeTarget "Night Shift Control" */;
			buildPhases = (
				6A0AE2D01F39E4A400FE2219 /* Sources */,
				6A0AE2D11F39E4A400FE2219 /* Frameworks */,
				6A0AE2D21F39E4A400FE2219 /* Resources */,
			);
			buildRules = (
			);
			dependencies = (
			);
			name = "Night Shift Control";
			productName = "Night Shift Control";
			productReference = 6A0AE2D41F39E4A400FE2219 /* Night Shift Control.app */;
			productType = "com.apple.product-type.application";
		};
/* End PBXNativeTarget section */

/* Begin PBXProject section */
		6A0AE2CC1F39E4A400FE2219 /* Project object */ = {
			isa = PBXProject;
			attributes = {
				LastSwiftUpdateCheck = 0820;
				LastUpgradeCheck = 0820;
				ORGANIZATIONNAME = "Isaias M. Teweldeberhan";
				TargetAttributes = {
					6A0AE2D31F39E4A400FE2219 = {
						CreatedOnToolsVersion = 8.2.1;
						LastSwiftMigration = 0820;
						ProvisioningStyle = Automatic;
					};
				};
			};
			buildConfigurationList = 6A0AE2CF1F39E4A400FE2219 /* Build configuration list for PBXProject "Night Shift Control" */;
			compatibilityVersion = "Xcode 3.2";
			developmentRegion = English;
			hasScannedForEncodings = 0;
			knownRegions = (
				en,
				Base,
			);
			mainGroup = 6A0AE2CB1F39E4A400FE2219;
			productRefGroup = 6A0AE2D51F39E4A400FE2219 /* Products */;
			projectDirPath = "";
			projectRoot = "";
			targets = (
				6A0AE2D31F39E4A400FE2219 /* Night Shift Control */,
			);
		};
/* End PBXProject section */

/* Begin PBXResourcesBuildPhase section */
		6A0AE2D21F39E4A400FE2219 /* Resources */ = {
			isa = PBXResourcesBuildPhase;
			buildActionMask = 2147483647;
			files = (
				6A0AE2DA1F39E4A400FE2219 /* Assets.xcassets in Resources */,
				6A43DF651F3B956000C57988 /* MainMenu.xib in Resources */,
				6A8981541F40AFCF001C0197 /* screenshot.png in Resources */,
				6A0200681F3DD49700FF6985 /* string_resource.plist in Resources */,
				6AE5F71E1F4382C0002C391E /* Credits.html in Resources */,
			);
			runOnlyForDeploymentPostprocessing = 0;
		};
/* End PBXResourcesBuildPhase section */

/* Begin PBXSourcesBuildPhase section */
		6A0AE2D01F39E4A400FE2219 /* Sources */ = {
			isa = PBXSourcesBuildPhase;
			buildActionMask = 2147483647;
			files = (
				6ADEC39B1F40A01600897F6B /* README.md in Sources */,
				6A02006C1F3DD6A900FF6985 /* Localizator.swift in Sources */,
				6A0AE2D81F39E4A400FE2219 /* AppDelegate.swift in Sources */,
			);
			runOnlyForDeploymentPostprocessing = 0;
		};
/* End PBXSourcesBuildPhase section */

/* Begin PBXVariantGroup section */
		6A02006A1F3DD49700FF6985 /* string_resource.plist */ = {
			isa = PBXVariantGroup;
			children = (
				6A0200691F3DD49700FF6985 /* en */,
			);
			name = string_resource.plist;
			sourceTree = "<group>";
		};
		6A43DF631F3B956000C57988 /* MainMenu.xib */ = {
			isa = PBXVariantGroup;
			children = (
				6A43DF641F3B956000C57988 /* Base */,
			);
			name = MainMenu.xib;
			sourceTree = "<group>";
		};
/* End PBXVariantGroup section */

/* Begin XCBuildConfiguration section */
		6A0AE2DF1F39E4A400FE2219 /* Debug */ = {
			isa = XCBuildConfiguration;
			buildSettings = {
				ALWAYS_SEARCH_USER_PATHS = NO;
				CLANG_ANALYZER_NONNULL = YES;
				CLANG_CXX_LANGUAGE_STANDARD = "gnu++0x";
				CLANG_CXX_LIBRARY = "libc++";
				CLANG_ENABLE_MODULES = YES;
				CLANG_ENABLE_OBJC_ARC = YES;
				CLANG_WARN_BOOL_CONVERSION = YES;
				CLANG_WARN_CONSTANT_CONVERSION = YES;
				CLANG_WARN_DIRECT_OBJC_ISA_USAGE = YES_ERROR;
				CLANG_WARN_DOCUMENTATION_COMMENTS = YES;
				CLANG_WARN_EMPTY_BODY = YES;
				CLANG_WARN_ENUM_CONVERSION = YES;
				CLANG_WARN_INFINITE_RECURSION = YES;
				CLANG_WARN_INT_CONVERSION = YES;
				CLANG_WARN_OBJC_ROOT_CLASS = YES_ERROR;
				CLANG_WARN_SUSPICIOUS_MOVE = YES;
				CLANG_WARN_UNREACHABLE_CODE = YES;
				CLANG_WARN__DUPLICATE_METHOD_MATCH = YES;
				CODE_SIGN_IDENTITY = "";
				COPY_PHASE_STRIP = NO;
				DEBUG_INFORMATION_FORMAT = dwarf;
				ENABLE_STRICT_OBJC_MSGSEND = YES;
				ENABLE_TESTABILITY = YES;
				GCC_C_LANGUAGE_STANDARD = gnu99;
				GCC_DYNAMIC_NO_PIC = NO;
				GCC_NO_COMMON_BLOCKS = YES;
				GCC_OPTIMIZATION_LEVEL = 0;
				GCC_PREPROCESSOR_DEFINITIONS = (
					"DEBUG=1",
					"$(inherited)",
				);
				GCC_WARN_64_TO_32_BIT_CONVERSION = YES;
				GCC_WARN_ABOUT_RETURN_TYPE = YES_ERROR;
				GCC_WARN_UNDECLARED_SELECTOR = YES;
				GCC_WARN_UNINITIALIZED_AUTOS = YES_AGGRESSIVE;
				GCC_WARN_UNUSED_FUNCTION = YES;
				GCC_WARN_UNUSED_VARIABLE = YES;
				MACOSX_DEPLOYMENT_TARGET = 10.12;
				MTL_ENABLE_DEBUG_INFO = YES;
				ONLY_ACTIVE_ARCH = YES;
				SDKROOT = macosx;
				SWIFT_ACTIVE_COMPILATION_CONDITIONS = DEBUG;
				SWIFT_OPTIMIZATION_LEVEL = "-Onone";
			};
			name = Debug;
		};
		6A0AE2E01F39E4A400FE2219 /* Release */ = {
			isa = XCBuildConfiguration;
			buildSettings = {
				ALWAYS_SEARCH_USER_PATHS = NO;
				CLANG_ANALYZER_NONNULL = YES;
				CLANG_CXX_LANGUAGE_STANDARD = "gnu++0x";
				CLANG_CXX_LIBRARY = "libc++";
				CLANG_ENABLE_MODULES = YES;
				CLANG_ENABLE_OBJC_ARC = YES;
				CLANG_WARN_BOOL_CONVERSION = YES;
				CLANG_WARN_CONSTANT_CONVERSION = YES;
				CLANG_WARN_DIRECT_OBJC_ISA_USAGE = YES_ERROR;
				CLANG_WARN_DOCUMENTATION_COMMENTS = YES;
				CLANG_WARN_EMPTY_BODY = YES;
				CLANG_WARN_ENUM_CONVERSION = YES;
				CLANG_WARN_INFINITE_RECURSION = YES;
				CLANG_WARN_INT_CONVERSION = YES;
				CLANG_WARN_OBJC_ROOT_CLASS = YES_ERROR;
				CLANG_WARN_SUSPICIOUS_MOVE = YES;
				CLANG_WARN_UNREACHABLE_CODE = YES;
				CLANG_WARN__DUPLICATE_METHOD_MATCH = YES;
				CODE_SIGN_IDENTITY = "";
				COPY_PHASE_STRIP = NO;
				DEBUG_INFORMATION_FORMAT = "dwarf-with-dsym";
				ENABLE_NS_ASSERTIONS = NO;
				ENABLE_STRICT_OBJC_MSGSEND = YES;
				GCC_C_LANGUAGE_STANDARD = gnu99;
				GCC_NO_COMMON_BLOCKS = YES;
				GCC_WARN_64_TO_32_BIT_CONVERSION = YES;
				GCC_WARN_ABOUT_RETURN_TYPE = YES_ERROR;
				GCC_WARN_UNDECLARED_SELECTOR = YES;
				GCC_WARN_UNINITIALIZED_AUTOS = YES_AGGRESSIVE;
				GCC_WARN_UNUSED_FUNCTION = YES;
				GCC_WARN_UNUSED_VARIABLE = YES;
				MACOSX_DEPLOYMENT_TARGET = 10.12;
				MTL_ENABLE_DEBUG_INFO = NO;
				SDKROOT = macosx;
				SWIFT_OPTIMIZATION_LEVEL = "-Owholemodule";
			};
			name = Release;
		};
		6A0AE2E21F39E4A400FE2219 /* Debug */ = {
			isa = XCBuildConfiguration;
			buildSettings = {
				ASSETCATALOG_COMPILER_APPICON_NAME = AppIcon;
				CLANG_ENABLE_MODULES = YES;
				COMBINE_HIDPI_IMAGES = YES;
				FRAMEWORK_SEARCH_PATHS = (
					"$(inherited)",
					"$(SYSTEM_LIBRARY_DIR)/PrivateFrameworks",
					"~/Desktop/",
				);
				INFOPLIST_FILE = "Night Shift Control/Info.plist";
				LD_RUNPATH_SEARCH_PATHS = "$(inherited) @executable_path/../Frameworks";
				MACOSX_DEPLOYMENT_TARGET = 10.12;
				PRODUCT_BUNDLE_IDENTIFIER = com.isaiasmatewos.nightshiftcontrol;
				PRODUCT_NAME = "$(TARGET_NAME)";
				SWIFT_OBJC_BRIDGING_HEADER = "Night Shift Control-Bridging-Header.h";
				SWIFT_OPTIMIZATION_LEVEL = "-Onone";
				SWIFT_VERSION = 3.0;
			};
			name = Debug;
		};
		6A0AE2E31F39E4A400FE2219 /* Release */ = {
			isa = XCBuildConfiguration;
			buildSettings = {
				ASSETCATALOG_COMPILER_APPICON_NAME = AppIcon;
				CLANG_ENABLE_MODULES = YES;
				COMBINE_HIDPI_IMAGES = YES;
				FRAMEWORK_SEARCH_PATHS = (
					"$(inherited)",
					"$(SYSTEM_LIBRARY_DIR)/PrivateFrameworks",
					"~/Desktop/",
				);
				INFOPLIST_FILE = "Night Shift Control/Info.plist";
				LD_RUNPATH_SEARCH_PATHS = "$(inherited) @executable_path/../Frameworks";
				MACOSX_DEPLOYMENT_TARGET = 10.12;
				PRODUCT_BUNDLE_IDENTIFIER = com.isaiasmatewos.nightshiftcontrol;
				PRODUCT_NAME = "$(TARGET_NAME)";
				SWIFT_OBJC_BRIDGING_HEADER = "Night Shift Control-Bridging-Header.h";
				SWIFT_VERSION = 3.0;
			};
			name = Release;
		};
/* End XCBuildConfiguration section */

/* Begin XCConfigurationList section */
		6A0AE2CF1F39E4A400FE2219 /* Build configuration list for PBXProject "Night Shift Control" */ = {
			isa = XCConfigurationList;
			buildConfigurations = (
				6A0AE2DF1F39E4A400FE2219 /* Debug */,
				6A0AE2E01F39E4A400FE2219 /* Release */,
			);
			defaultConfigurationIsVisible = 0;
			defaultConfigurationName = Release;
		};
		6A0AE2E11F39E4A400FE2219 /* Build configuration list for PBXNativeTarget "Night Shift Control" */ = {
			isa = XCConfigurationList;
			buildConfigurations = (
				6A0AE2E21F39E4A400FE2219 /* Debug */,
				6A0AE2E31F39E4A400FE2219 /* Release */,
			);
			defaultConfigurationIsVisible = 0;
			defaultConfigurationName = Release;
		};
/* End XCConfigurationList section */
	};
	rootObject = 6A0AE2CC1F39E4A400FE2219 /* Project object */;
}
